get:
  summary: ""
  operationId: searchWebBlock
  description: By passing in the appropriate options, you can search for a WebBlock in the system
  consumes:
    - application/json
    - application/xml
  produces:
    - application/json
  parameters:
    - in: query
      name: WebBlockID
      description: ID of the WebBlock you want to look up
      required: false
      type: integer
  responses:
    200:
      description: Search results matching criteria.
      schema:
        type: array
        items:
          $ref: '#/definitions/WebBlockItem'
    400:
      description: Bad Request
post:
  summary: ""
  operationId: searchWebBlockXML
  description: By passing in the appropriate xml, you can search for a WebBlock in the system
  consumes:
    - application/xml
  produces:
    - application/json
  parameters:
    - in: body
      name: Query
      required: true
      description: An XML query on the WebBlock table
      schema:
        type: string
  responses:
    200:
      description: Search results matching criteria.
      schema:
        type: array
        items:
          $ref: '#/definitions/WebBlockItem'
    400:
      description: Bad Request
